# Generated by buf. DO NOT EDIT.
version: v1
deps:
  - remote: buf.build
    owner: monstrs
    repository: queries
    commit: 102a4134dfed4191b22c3ccb0742f13c
    digest: shake256:1e6b69f8f2cd69e5f7a8938e432b4297e8f71639765207c309e369769b0d2bc1db3e3357bc7df6884172ee56af8d37452ff741177ec4b1a11294eda3575f3465
